PODS:
  - Bagel (1.4.0):
    - CocoaAsyncSocket
  - CocoaAsyncSocket (7.6.5)

DEPENDENCIES:
  - Bagel

SPEC REPOS:
  trunk:
    - Bagel
    - CocoaAsyncSocket

SPEC CHECKSUMS:
  Bagel: c3fa6bcbd52db9ca976edbafd7638f0553ded101
  CocoaAsyncSocket: 065fd1e645c7abab64f7a6a2007a48038fdc6a99

PODFILE CHECKSUM: a3dbee99d4ea4f67467b2cc0b1b1d45a8fb6e524

COCOAPODS: 1.11.3
