// !$*UTF8*$!
{
	archiveVersion = 1;
	classes = {
	};
	objectVersion = 56;
	objects = {

/* Begin PBXBuildFile section */
		5E8E31162A99E07B00A392F9 /* AppDelegate.swift in Sources */ = {isa = PBXBuildFile; fileRef = 5E8E31152A99E07B00A392F9 /* AppDelegate.swift */; };
		5E8E311F2A99E07C00A392F9 /* Assets.xcassets in Resources */ = {isa = PBXBuildFile; fileRef = 5E8E311E2A99E07C00A392F9 /* Assets.xcassets */; };
		5E8E31222A99E07C00A392F9 /* LaunchScreen.storyboard in Resources */ = {isa = PBXBuildFile; fileRef = 5E8E31202A99E07C00A392F9 /* LaunchScreen.storyboard */; };
		5E8E312B2A99E61900A392F9 /* HomeViewController.swift in Sources */ = {isa = PBXBuildFile; fileRef = 5E8E312A2A99E61900A392F9 /* HomeViewController.swift */; };
		5E8E312E2A99E6F600A392F9 /* SnapKit in Frameworks */ = {isa = PBXBuildFile; productRef = 5E8E312D2A99E6F600A392F9 /* SnapKit */; };
		5E8E31312A99EF6A00A392F9 /* AppRouter.swift in Sources */ = {isa = PBXBuildFile; fileRef = 5E8E31302A99EF6A00A392F9 /* AppRouter.swift */; };
		5E8E31332A99EF7700A392F9 /* AppContainer.swift in Sources */ = {isa = PBXBuildFile; fileRef = 5E8E31322A99EF7700A392F9 /* AppContainer.swift */; };
		5E8E31352A99EF8600A392F9 /* AppBuilder.swift in Sources */ = {isa = PBXBuildFile; fileRef = 5E8E31342A99EF8600A392F9 /* AppBuilder.swift */; };
		5E8E31382A99F05300A392F9 /* MovieService.swift in Sources */ = {isa = PBXBuildFile; fileRef = 5E8E31372A99F05300A392F9 /* MovieService.swift */; };
		5E8E313B2A99F08E00A392F9 /* NetworkRequest.swift in Sources */ = {isa = PBXBuildFile; fileRef = 5E8E313A2A99F08E00A392F9 /* NetworkRequest.swift */; };
		5E8E313D2A99F0AC00A392F9 /* NetworkError.swift in Sources */ = {isa = PBXBuildFile; fileRef = 5E8E313C2A99F0AC00A392F9 /* NetworkError.swift */; };
		5E8E313F2A99F0C800A392F9 /* Constants.swift in Sources */ = {isa = PBXBuildFile; fileRef = 5E8E313E2A99F0C800A392F9 /* Constants.swift */; };
		5E8E31452A99F1EB00A392F9 /* HomeViewModel.swift in Sources */ = {isa = PBXBuildFile; fileRef = 5E8E31442A99F1EB00A392F9 /* HomeViewModel.swift */; };
/* End PBXBuildFile section */

/* Begin PBXFileReference section */
		5E8E31122A99E07B00A392F9 /* XMovie.app */ = {isa = PBXFileReference; explicitFileType = wrapper.application; includeInIndex = 0; path = XMovie.app; sourceTree = BUILT_PRODUCTS_DIR; };
		5E8E31152A99E07B00A392F9 /* AppDelegate.swift */ = {isa = PBXFileReference; lastKnownFileType = sourcecode.swift; path = AppDelegate.swift; sourceTree = "<group>"; };
		5E8E311E2A99E07C00A392F9 /* Assets.xcassets */ = {isa = PBXFileReference; lastKnownFileType = folder.assetcatalog; path = Assets.xcassets; sourceTree = "<group>"; };
		5E8E31212A99E07C00A392F9 /* Base */ = {isa = PBXFileReference; lastKnownFileType = file.storyboard; name = Base; path = Base.lproj/LaunchScreen.storyboard; sourceTree = "<group>"; };
		5E8E31232A99E07C00A392F9 /* Info.plist */ = {isa = PBXFileReference; lastKnownFileType = text.plist.xml; path = Info.plist; sourceTree = "<group>"; };
		5E8E31292A99E11300A392F9 /* README.md */ = {isa = PBXFileReference; lastKnownFileType = net.daringfireball.markdown; path = README.md; sourceTree = "<group>"; };
		5E8E312A2A99E61900A392F9 /* HomeViewController.swift */ = {isa = PBXFileReference; lastKnownFileType = sourcecode.swift; path = HomeViewController.swift; sourceTree = "<group>"; };
		5E8E31302A99EF6A00A392F9 /* AppRouter.swift */ = {isa = PBXFileReference; lastKnownFileType = sourcecode.swift; path = AppRouter.swift; sourceTree = "<group>"; };
		5E8E31322A99EF7700A392F9 /* AppContainer.swift */ = {isa = PBXFileReference; lastKnownFileType = sourcecode.swift; path = AppContainer.swift; sourceTree = "<group>"; };
		5E8E31342A99EF8600A392F9 /* AppBuilder.swift */ = {isa = PBXFileReference; lastKnownFileType = sourcecode.swift; path = AppBuilder.swift; sourceTree = "<group>"; };
		5E8E31372A99F05300A392F9 /* MovieService.swift */ = {isa = PBXFileReference; lastKnownFileType = sourcecode.swift; path = MovieService.swift; sourceTree = "<group>"; };
		5E8E313A2A99F08E00A392F9 /* NetworkRequest.swift */ = {isa = PBXFileReference; lastKnownFileType = sourcecode.swift; path = NetworkRequest.swift; sourceTree = "<group>"; };
		5E8E313C2A99F0AC00A392F9 /* NetworkError.swift */ = {isa = PBXFileReference; lastKnownFileType = sourcecode.swift; path = NetworkError.swift; sourceTree = "<group>"; };
		5E8E313E2A99F0C800A392F9 /* Constants.swift */ = {isa = PBXFileReference; lastKnownFileType = sourcecode.swift; path = Constants.swift; sourceTree = "<group>"; };
		5E8E31442A99F1EB00A392F9 /* HomeViewModel.swift */ = {isa = PBXFileReference; lastKnownFileType = sourcecode.swift; path = HomeViewModel.swift; sourceTree = "<group>"; };
/* End PBXFileReference section */

/* Begin PBXFrameworksBuildPhase section */
		5E8E310F2A99E07B00A392F9 /* Frameworks */ = {
			isa = PBXFrameworksBuildPhase;
			buildActionMask = 2147483647;
			files = (
				5E8E312E2A99E6F600A392F9 /* SnapKit in Frameworks */,
			);
			runOnlyForDeploymentPostprocessing = 0;
		};
/* End PBXFrameworksBuildPhase section */

/* Begin PBXGroup section */
		5E8E31092A99E07B00A392F9 = {
			isa = PBXGroup;
			children = (
				5E8E31292A99E11300A392F9 /* README.md */,
				5E8E31142A99E07B00A392F9 /* XMovie */,
				5E8E31132A99E07B00A392F9 /* Products */,
			);
			sourceTree = "<group>";
		};
		5E8E31132A99E07B00A392F9 /* Products */ = {
			isa = PBXGroup;
			children = (
				5E8E31122A99E07B00A392F9 /* XMovie.app */,
			);
			name = Products;
			sourceTree = "<group>";
		};
		5E8E31142A99E07B00A392F9 /* XMovie */ = {
			isa = PBXGroup;
			children = (
				5E8E31402A99F18F00A392F9 /* Scenes */,
				5E8E31362A99F01D00A392F9 /* Network */,
				5E8E312F2A99EF5900A392F9 /* App */,
				5E8E311E2A99E07C00A392F9 /* Assets.xcassets */,
				5E8E31232A99E07C00A392F9 /* Info.plist */,
			);
			path = XMovie;
			sourceTree = "<group>";
		};
		5E8E312F2A99EF5900A392F9 /* App */ = {
			isa = PBXGroup;
			children = (
				5E8E31302A99EF6A00A392F9 /* AppRouter.swift */,
				5E8E31322A99EF7700A392F9 /* AppContainer.swift */,
				5E8E31152A99E07B00A392F9 /* AppDelegate.swift */,
				5E8E31342A99EF8600A392F9 /* AppBuilder.swift */,
			);
			path = App;
			sourceTree = "<group>";
		};
		5E8E31362A99F01D00A392F9 /* Network */ = {
			isa = PBXGroup;
			children = (
				5E8E31392A99F05B00A392F9 /* Enums */,
				5E8E31372A99F05300A392F9 /* MovieService.swift */,
			);
			path = Network;
			sourceTree = "<group>";
		};
		5E8E31392A99F05B00A392F9 /* Enums */ = {
			isa = PBXGroup;
			children = (
				5E8E313A2A99F08E00A392F9 /* NetworkRequest.swift */,
				5E8E313C2A99F0AC00A392F9 /* NetworkError.swift */,
				5E8E313E2A99F0C800A392F9 /* Constants.swift */,
			);
			path = Enums;
			sourceTree = "<group>";
		};
		5E8E31402A99F18F00A392F9 /* Scenes */ = {
			isa = PBXGroup;
			children = (
				5E8E31432A99F1CC00A392F9 /* Launch */,
				5E8E31422A99F1B200A392F9 /* MovieDetail */,
				5E8E31412A99F1A900A392F9 /* Home */,
			);
			path = Scenes;
			sourceTree = "<group>";
		};
		5E8E31412A99F1A900A392F9 /* Home */ = {
			isa = PBXGroup;
			children = (
				5E8E312A2A99E61900A392F9 /* HomeViewController.swift */,
				5E8E31442A99F1EB00A392F9 /* HomeViewModel.swift */,
			);
			path = Home;
			sourceTree = "<group>";
		};
		5E8E31422A99F1B200A392F9 /* MovieDetail */ = {
			isa = PBXGroup;
			children = (
			);
			path = MovieDetail;
			sourceTree = "<group>";
		};
		5E8E31432A99F1CC00A392F9 /* Launch */ = {
			isa = PBXGroup;
			children = (
				5E8E31202A99E07C00A392F9 /* LaunchScreen.storyboard */,
			);
			path = Launch;
			sourceTree = "<group>";
		};
/* End PBXGroup section */

/* Begin PBXNativeTarget section */
		5E8E31112A99E07B00A392F9 /* XMovie */ = {
			isa = PBXNativeTarget;
			buildConfigurationList = 5E8E31262A99E07C00A392F9 /* Build configuration list for PBXNativeTarget "XMovie" */;
			buildPhases = (
				5E8E310E2A99E07B00A392F9 /* Sources */,
				5E8E310F2A99E07B00A392F9 /* Frameworks */,
				5E8E31102A99E07B00A392F9 /* Resources */,
			);
			buildRules = (
			);
			dependencies = (
			);
			name = XMovie;
			packageProductDependencies = (
				5E8E312D2A99E6F600A392F9 /* SnapKit */,
			);
			productName = XMovie;
			productReference = 5E8E31122A99E07B00A392F9 /* XMovie.app */;
			productType = "com.apple.product-type.application";
		};
/* End PBXNativeTarget section */

/* Begin PBXProject section */
		5E8E310A2A99E07B00A392F9 /* Project object */ = {
			isa = PBXProject;
			attributes = {
				BuildIndependentTargetsInParallel = 1;
				LastSwiftUpdateCheck = 1420;
				LastUpgradeCheck = 1420;
				TargetAttributes = {
					5E8E31112A99E07B00A392F9 = {
						CreatedOnToolsVersion = 14.2;
					};
				};
			};
			buildConfigurationList = 5E8E310D2A99E07B00A392F9 /* Build configuration list for PBXProject "XMovie" */;
			compatibilityVersion = "Xcode 14.0";
			developmentRegion = en;
			hasScannedForEncodings = 0;
			knownRegions = (
				en,
				Base,
			);
			mainGroup = 5E8E31092A99E07B00A392F9;
			packageReferences = (
				5E8E312C2A99E6F600A392F9 /* XCRemoteSwiftPackageReference "SnapKit" */,
			);
			productRefGroup = 5E8E31132A99E07B00A392F9 /* Products */;
			projectDirPath = "";
			projectRoot = "";
			targets = (
				5E8E31112A99E07B00A392F9 /* XMovie */,
			);
		};
/* End PBXProject section */

/* Begin PBXResourcesBuildPhase section */
		5E8E31102A99E07B00A392F9 /* Resources */ = {
			isa = PBXResourcesBuildPhase;
			buildActionMask = 2147483647;
			files = (
				5E8E31222A99E07C00A392F9 /* LaunchScreen.storyboard in Resources */,
				5E8E311F2A99E07C00A392F9 /* Assets.xcassets in Resources */,
			);
			runOnlyForDeploymentPostprocessing = 0;
		};
/* End PBXResourcesBuildPhase section */

/* Begin PBXSourcesBuildPhase section */
		5E8E310E2A99E07B00A392F9 /* Sources */ = {
			isa = PBXSourcesBuildPhase;
			buildActionMask = 2147483647;
			files = (
				5E8E313B2A99F08E00A392F9 /* NetworkRequest.swift in Sources */,
				5E8E313D2A99F0AC00A392F9 /* NetworkError.swift in Sources */,
				5E8E31162A99E07B00A392F9 /* AppDelegate.swift in Sources */,
				5E8E31452A99F1EB00A392F9 /* HomeViewModel.swift in Sources */,
				5E8E31332A99EF7700A392F9 /* AppContainer.swift in Sources */,
				5E8E312B2A99E61900A392F9 /* HomeViewController.swift in Sources */,
				5E8E31352A99EF8600A392F9 /* AppBuilder.swift in Sources */,
				5E8E31382A99F05300A392F9 /* MovieService.swift in Sources */,
				5E8E31312A99EF6A00A392F9 /* AppRouter.swift in Sources */,
				5E8E313F2A99F0C800A392F9 /* Constants.swift in Sources */,
			);
			runOnlyForDeploymentPostprocessing = 0;
		};
/* End PBXSourcesBuildPhase section */

/* Begin PBXVariantGroup section */
		5E8E31202A99E07C00A392F9 /* LaunchScreen.storyboard */ = {
			isa = PBXVariantGroup;
			children = (
				5E8E31212A99E07C00A392F9 /* Base */,
			);
			name = LaunchScreen.storyboard;
			sourceTree = "<group>";
		};
/* End PBXVariantGroup section */

/* Begin XCBuildConfiguration section */
		5E8E31242A99E07C00A392F9 /* Debug */ = {
			isa = XCBuildConfiguration;
			buildSettings = {
				ALWAYS_SEARCH_USER_PATHS = NO;
				CLANG_ANALYZER_NONNULL = YES;
				CLANG_ANALYZER_NUMBER_OBJECT_CONVERSION = YES_AGGRESSIVE;
				CLANG_CXX_LANGUAGE_STANDARD = "gnu++20";
				CLANG_ENABLE_MODULES = YES;
				CLANG_ENABLE_OBJC_ARC = YES;
				CLANG_ENABLE_OBJC_WEAK = YES;
				CLANG_WARN_BLOCK_CAPTURE_AUTORELEASING = YES;
				CLANG_WARN_BOOL_CONVERSION = YES;
				CLANG_WARN_COMMA = YES;
				CLANG_WARN_CONSTANT_CONVERSION = YES;
				CLANG_WARN_DEPRECATED_OBJC_IMPLEMENTATIONS = YES;
				CLANG_WARN_DIRECT_OBJC_ISA_USAGE = YES_ERROR;
				CLANG_WARN_DOCUMENTATION_COMMENTS = YES;
				CLANG_WARN_EMPTY_BODY = YES;
				CLANG_WARN_ENUM_CONVERSION = YES;
				CLANG_WARN_INFINITE_RECURSION = YES;
				CLANG_WARN_INT_CONVERSION = YES;
				CLANG_WARN_NON_LITERAL_NULL_CONVERSION = YES;
				CLANG_WARN_OBJC_IMPLICIT_RETAIN_SELF = YES;
				CLANG_WARN_OBJC_LITERAL_CONVERSION = YES;
				CLANG_WARN_OBJC_ROOT_CLASS = YES_ERROR;
				CLANG_WARN_QUOTED_INCLUDE_IN_FRAMEWORK_HEADER = YES;
				CLANG_WARN_RANGE_LOOP_ANALYSIS = YES;
				CLANG_WARN_STRICT_PROTOTYPES = YES;
				CLANG_WARN_SUSPICIOUS_MOVE = YES;
				CLANG_WARN_UNGUARDED_AVAILABILITY = YES_AGGRESSIVE;
				CLANG_WARN_UNREACHABLE_CODE = YES;
				CLANG_WARN__DUPLICATE_METHOD_MATCH = YES;
				COPY_PHASE_STRIP = NO;
				DEBUG_INFORMATION_FORMAT = dwarf;
				ENABLE_STRICT_OBJC_MSGSEND = YES;
				ENABLE_TESTABILITY = YES;
				GCC_C_LANGUAGE_STANDARD = gnu11;
				GCC_DYNAMIC_NO_PIC = NO;
				GCC_NO_COMMON_BLOCKS = YES;
				GCC_OPTIMIZATION_LEVEL = 0;
				GCC_PREPROCESSOR_DEFINITIONS = (
					"DEBUG=1",
					"$(inherited)",
				);
				GCC_WARN_64_TO_32_BIT_CONVERSION = YES;
				GCC_WARN_ABOUT_RETURN_TYPE = YES_ERROR;
				GCC_WARN_UNDECLARED_SELECTOR = YES;
				GCC_WARN_UNINITIALIZED_AUTOS = YES_AGGRESSIVE;
				GCC_WARN_UNUSED_FUNCTION = YES;
				GCC_WARN_UNUSED_VARIABLE = YES;
				IPHONEOS_DEPLOYMENT_TARGET = 16.2;
				MTL_ENABLE_DEBUG_INFO = INCLUDE_SOURCE;
				MTL_FAST_MATH = YES;
				ONLY_ACTIVE_ARCH = YES;
				SDKROOT = iphoneos;
				SWIFT_ACTIVE_COMPILATION_CONDITIONS = DEBUG;
				SWIFT_OPTIMIZATION_LEVEL = "-Onone";
			};
			name = Debug;
		};
		5E8E31252A99E07C00A392F9 /* Release */ = {
			isa = XCBuildConfiguration;
			buildSettings = {
				ALWAYS_SEARCH_USER_PATHS = NO;
				CLANG_ANALYZER_NONNULL = YES;
				CLANG_ANALYZER_NUMBER_OBJECT_CONVERSION = YES_AGGRESSIVE;
				CLANG_CXX_LANGUAGE_STANDARD = "gnu++20";
				CLANG_ENABLE_MODULES = YES;
				CLANG_ENABLE_OBJC_ARC = YES;
				CLANG_ENABLE_OBJC_WEAK = YES;
				CLANG_WARN_BLOCK_CAPTURE_AUTORELEASING = YES;
				CLANG_WARN_BOOL_CONVERSION = YES;
				CLANG_WARN_COMMA = YES;
				CLANG_WARN_CONSTANT_CONVERSION = YES;
				CLANG_WARN_DEPRECATED_OBJC_IMPLEMENTATIONS = YES;
				CLANG_WARN_DIRECT_OBJC_ISA_USAGE = YES_ERROR;
				CLANG_WARN_DOCUMENTATION_COMMENTS = YES;
				CLANG_WARN_EMPTY_BODY = YES;
				CLANG_WARN_ENUM_CONVERSION = YES;
				CLANG_WARN_INFINITE_RECURSION = YES;
				CLANG_WARN_INT_CONVERSION = YES;
				CLANG_WARN_NON_LITERAL_NULL_CONVERSION = YES;
				CLANG_WARN_OBJC_IMPLICIT_RETAIN_SELF = YES;
				CLANG_WARN_OBJC_LITERAL_CONVERSION = YES;
				CLANG_WARN_OBJC_ROOT_CLASS = YES_ERROR;
				CLANG_WARN_QUOTED_INCLUDE_IN_FRAMEWORK_HEADER = YES;
				CLANG_WARN_RANGE_LOOP_ANALYSIS = YES;
				CLANG_WARN_STRICT_PROTOTYPES = YES;
				CLANG_WARN_SUSPICIOUS_MOVE = YES;
				CLANG_WARN_UNGUARDED_AVAILABILITY = YES_AGGRESSIVE;
				CLANG_WARN_UNREACHABLE_CODE = YES;
				CLANG_WARN__DUPLICATE_METHOD_MATCH = YES;
				COPY_PHASE_STRIP = NO;
				DEBUG_INFORMATION_FORMAT = "dwarf-with-dsym";
				ENABLE_NS_ASSERTIONS = NO;
				ENABLE_STRICT_OBJC_MSGSEND = YES;
				GCC_C_LANGUAGE_STANDARD = gnu11;
				GCC_NO_COMMON_BLOCKS = YES;
				GCC_WARN_64_TO_32_BIT_CONVERSION = YES;
				GCC_WARN_ABOUT_RETURN_TYPE = YES_ERROR;
				GCC_WARN_UNDECLARED_SELECTOR = YES;
				GCC_WARN_UNINITIALIZED_AUTOS = YES_AGGRESSIVE;
				GCC_WARN_UNUSED_FUNCTION = YES;
				GCC_WARN_UNUSED_VARIABLE = YES;
				IPHONEOS_DEPLOYMENT_TARGET = 16.2;
				MTL_ENABLE_DEBUG_INFO = NO;
				MTL_FAST_MATH = YES;
				SDKROOT = iphoneos;
				SWIFT_COMPILATION_MODE = wholemodule;
				SWIFT_OPTIMIZATION_LEVEL = "-O";
				VALIDATE_PRODUCT = YES;
			};
			name = Release;
		};
		5E8E31272A99E07C00A392F9 /* Debug */ = {
			isa = XCBuildConfiguration;
			buildSettings = {
				ASSETCATALOG_COMPILER_APPICON_NAME = AppIcon;
				ASSETCATALOG_COMPILER_GLOBAL_ACCENT_COLOR_NAME = AccentColor;
				CODE_SIGN_STYLE = Automatic;
				CURRENT_PROJECT_VERSION = 1;
				DEVELOPMENT_TEAM = S9W8QN4B4C;
				GENERATE_INFOPLIST_FILE = YES;
				INFOPLIST_FILE = XMovie/Info.plist;
				INFOPLIST_KEY_UIApplicationSupportsIndirectInputEvents = YES;
				INFOPLIST_KEY_UILaunchStoryboardName = LaunchScreen;
				INFOPLIST_KEY_UIMainStoryboardFile = "";
				INFOPLIST_KEY_UISupportedInterfaceOrientations_iPad = "UIInterfaceOrientationPortrait UIInterfaceOrientationPortraitUpsideDown UIInterfaceOrientationLandscapeLeft UIInterfaceOrientationLandscapeRight";
				INFOPLIST_KEY_UISupportedInterfaceOrientations_iPhone = "UIInterfaceOrientationPortrait UIInterfaceOrientationLandscapeLeft UIInterfaceOrientationLandscapeRight";
				IPHONEOS_DEPLOYMENT_TARGET = 11.0;
				LD_RUNPATH_SEARCH_PATHS = (
					"$(inherited)",
					"@executable_path/Frameworks",
				);
				MARKETING_VERSION = 1.0;
				PRODUCT_BUNDLE_IDENTIFIER = com.hamitseyrek.XMovie;
				PRODUCT_NAME = "$(TARGET_NAME)";
				SWIFT_EMIT_LOC_STRINGS = YES;
				SWIFT_VERSION = 5.0;
				TARGETED_DEVICE_FAMILY = "1,2";
			};
			name = Debug;
		};
		5E8E31282A99E07C00A392F9 /* Release */ = {
			isa = XCBuildConfiguration;
			buildSettings = {
				ASSETCATALOG_COMPILER_APPICON_NAME = AppIcon;
				ASSETCATALOG_COMPILER_GLOBAL_ACCENT_COLOR_NAME = AccentColor;
				CODE_SIGN_STYLE = Automatic;
				CURRENT_PROJECT_VERSION = 1;
				DEVELOPMENT_TEAM = S9W8QN4B4C;
				GENERATE_INFOPLIST_FILE = YES;
				INFOPLIST_FILE = XMovie/Info.plist;
				INFOPLIST_KEY_UIApplicationSupportsIndirectInputEvents = YES;
				INFOPLIST_KEY_UILaunchStoryboardName = LaunchScreen;
				INFOPLIST_KEY_UIMainStoryboardFile = "";
				INFOPLIST_KEY_UISupportedInterfaceOrientations_iPad = "UIInterfaceOrientationPortrait UIInterfaceOrientationPortraitUpsideDown UIInterfaceOrientationLandscapeLeft UIInterfaceOrientationLandscapeRight";
				INFOPLIST_KEY_UISupportedInterfaceOrientations_iPhone = "UIInterfaceOrientationPortrait UIInterfaceOrientationLandscapeLeft UIInterfaceOrientationLandscapeRight";
				IPHONEOS_DEPLOYMENT_TARGET = 11.0;
				LD_RUNPATH_SEARCH_PATHS = (
					"$(inherited)",
					"@executable_path/Frameworks",
				);
				MARKETING_VERSION = 1.0;
				PRODUCT_BUNDLE_IDENTIFIER = com.hamitseyrek.XMovie;
				PRODUCT_NAME = "$(TARGET_NAME)";
				SWIFT_EMIT_LOC_STRINGS = YES;
				SWIFT_VERSION = 5.0;
				TARGETED_DEVICE_FAMILY = "1,2";
			};
			name = Release;
		};
/* End XCBuildConfiguration section */

/* Begin XCConfigurationList section */
		5E8E310D2A99E07B00A392F9 /* Build configuration list for PBXProject "XMovie" */ = {
			isa = XCConfigurationList;
			buildConfigurations = (
				5E8E31242A99E07C00A392F9 /* Debug */,
				5E8E31252A99E07C00A392F9 /* Release */,
			);
			defaultConfigurationIsVisible = 0;
			defaultConfigurationName = Release;
		};
		5E8E31262A99E07C00A392F9 /* Build configuration list for PBXNativeTarget "XMovie" */ = {
			isa = XCConfigurationList;
			buildConfigurations = (
				5E8E31272A99E07C00A392F9 /* Debug */,
				5E8E31282A99E07C00A392F9 /* Release */,
			);
			defaultConfigurationIsVisible = 0;
			defaultConfigurationName = Release;
		};
/* End XCConfigurationList section */

/* Begin XCRemoteSwiftPackageReference section */
		5E8E312C2A99E6F600A392F9 /* XCRemoteSwiftPackageReference "SnapKit" */ = {
			isa = XCRemoteSwiftPackageReference;
			repositoryURL = "https://github.com/SnapKit/SnapKit";
			requirement = {
				branch = develop;
				kind = branch;
			};
		};
/* End XCRemoteSwiftPackageReference section */

/* Begin XCSwiftPackageProductDependency section */
		5E8E312D2A99E6F600A392F9 /* SnapKit */ = {
			isa = XCSwiftPackageProductDependency;
			package = 5E8E312C2A99E6F600A392F9 /* XCRemoteSwiftPackageReference "SnapKit" */;
			productName = SnapKit;
		};
/* End XCSwiftPackageProductDependency section */
	};
	rootObject = 5E8E310A2A99E07B00A392F9 /* Project object */;
}
