// !$*UTF8*$!
{
	archiveVersion = 1;
	classes = {
	};
	objectVersion = 56;
	objects = {

/* Begin PBXBuildFile section */
		040A2A597A70F4A20C3323F4 /* Pods_XMovie.framework in Frameworks */ = {isa = PBXBuildFile; fileRef = 2AD8E478229EEFB6FB9F8977 /* Pods_XMovie.framework */; };
		5E0D40EB2AA1FFB2000A4ADD /* MovieRepository.swift in Sources */ = {isa = PBXBuildFile; fileRef = 5E0D40EA2AA1FFB2000A4ADD /* MovieRepository.swift */; };
		5E0D40EE2AA1FFEB000A4ADD /* MovieService.swift in Sources */ = {isa = PBXBuildFile; fileRef = 5E0D40ED2AA1FFEB000A4ADD /* MovieService.swift */; };
		5E0D40F12AA20040000A4ADD /* APIErrorMessageProvider.swift in Sources */ = {isa = PBXBuildFile; fileRef = 5E0D40F02AA20040000A4ADD /* APIErrorMessageProvider.swift */; };
		5E0D40F32AA20060000A4ADD /* ConnectivityMiddleware.swift in Sources */ = {isa = PBXBuildFile; fileRef = 5E0D40F22AA20060000A4ADD /* ConnectivityMiddleware.swift */; };
		5E0D40F72AA209C6000A4ADD /* NetworkManager.swift in Sources */ = {isa = PBXBuildFile; fileRef = 5E0D40F62AA209C6000A4ADD /* NetworkManager.swift */; };
		5E0D40FB2AA3DD15000A4ADD /* BaseViewModel.swift in Sources */ = {isa = PBXBuildFile; fileRef = 5E0D40FA2AA3DD15000A4ADD /* BaseViewModel.swift */; };
		5E0D41022AA47875000A4ADD /* UIHelper.swift in Sources */ = {isa = PBXBuildFile; fileRef = 5E0D41012AA47875000A4ADD /* UIHelper.swift */; };
		5E0D410C2AA48E8D000A4ADD /* PresentableError.swift in Sources */ = {isa = PBXBuildFile; fileRef = 5E0D410B2AA48E8D000A4ADD /* PresentableError.swift */; };
		5E89D2872A9CDF04003393C3 /* UserViewController.swift in Sources */ = {isa = PBXBuildFile; fileRef = 5E89D2862A9CDF04003393C3 /* UserViewController.swift */; };
		5E89D2892A9CDF76003393C3 /* TabBarPage.swift in Sources */ = {isa = PBXBuildFile; fileRef = 5E89D2882A9CDF76003393C3 /* TabBarPage.swift */; };
		5E89D28B2A9E25DD003393C3 /* BaseViewController.swift in Sources */ = {isa = PBXBuildFile; fileRef = 5E89D28A2A9E25DD003393C3 /* BaseViewController.swift */; };
		5E89D28E2AA0A75D003393C3 /* Coordinator.swift in Sources */ = {isa = PBXBuildFile; fileRef = 5E89D28D2AA0A75D003393C3 /* Coordinator.swift */; };
		5E89D2902AA0A77D003393C3 /* AppCoordinator.swift in Sources */ = {isa = PBXBuildFile; fileRef = 5E89D28F2AA0A77D003393C3 /* AppCoordinator.swift */; };
		5E89D2922AA0A79E003393C3 /* HomeCoordinator.swift in Sources */ = {isa = PBXBuildFile; fileRef = 5E89D2912AA0A79D003393C3 /* HomeCoordinator.swift */; };
		5E89D2952AA0AFB9003393C3 /* LoginViewController.swift in Sources */ = {isa = PBXBuildFile; fileRef = 5E89D2942AA0AFB9003393C3 /* LoginViewController.swift */; };
		5E89D2972AA0B107003393C3 /* LoginCoordinator.swift in Sources */ = {isa = PBXBuildFile; fileRef = 5E89D2962AA0B107003393C3 /* LoginCoordinator.swift */; };
		5E89D2992AA0B168003393C3 /* TabCoordinator.swift in Sources */ = {isa = PBXBuildFile; fileRef = 5E89D2982AA0B168003393C3 /* TabCoordinator.swift */; };
		5E89D29C2AA13178003393C3 /* UserCoordinator.swift in Sources */ = {isa = PBXBuildFile; fileRef = 5E89D29B2AA13178003393C3 /* UserCoordinator.swift */; };
		5E8E31162A99E07B00A392F9 /* AppDelegate.swift in Sources */ = {isa = PBXBuildFile; fileRef = 5E8E31152A99E07B00A392F9 /* AppDelegate.swift */; };
		5E8E311F2A99E07C00A392F9 /* Assets.xcassets in Resources */ = {isa = PBXBuildFile; fileRef = 5E8E311E2A99E07C00A392F9 /* Assets.xcassets */; };
		5E8E31222A99E07C00A392F9 /* LaunchScreen.storyboard in Resources */ = {isa = PBXBuildFile; fileRef = 5E8E31202A99E07C00A392F9 /* LaunchScreen.storyboard */; };
		5E8E312B2A99E61900A392F9 /* HomeViewController.swift in Sources */ = {isa = PBXBuildFile; fileRef = 5E8E312A2A99E61900A392F9 /* HomeViewController.swift */; };
		5E8E313D2A99F0AC00A392F9 /* NetworkError.swift in Sources */ = {isa = PBXBuildFile; fileRef = 5E8E313C2A99F0AC00A392F9 /* NetworkError.swift */; };
		5E8E313F2A99F0C800A392F9 /* Constants.swift in Sources */ = {isa = PBXBuildFile; fileRef = 5E8E313E2A99F0C800A392F9 /* Constants.swift */; };
		5E8E31452A99F1EB00A392F9 /* HomeViewModel.swift in Sources */ = {isa = PBXBuildFile; fileRef = 5E8E31442A99F1EB00A392F9 /* HomeViewModel.swift */; };
		5E8E31472A99FA6700A392F9 /* HomeContracts.swift in Sources */ = {isa = PBXBuildFile; fileRef = 5E8E31462A99FA6700A392F9 /* HomeContracts.swift */; };
		5E8E314A2A99FB1100A392F9 /* Movies.swift in Sources */ = {isa = PBXBuildFile; fileRef = 5E8E31492A99FB1100A392F9 /* Movies.swift */; };
		5E8E314C2A99FB1C00A392F9 /* Movie.swift in Sources */ = {isa = PBXBuildFile; fileRef = 5E8E314B2A99FB1C00A392F9 /* Movie.swift */; };
		5E8E31512A99FDC700A392F9 /* MovieCollectionViewCell.swift in Sources */ = {isa = PBXBuildFile; fileRef = 5E8E31502A99FDC700A392F9 /* MovieCollectionViewCell.swift */; };
		5E8E31532A99FE0700A392F9 /* MovieTableViewCell.swift in Sources */ = {isa = PBXBuildFile; fileRef = 5E8E31522A99FE0700A392F9 /* MovieTableViewCell.swift */; };
		5E8E31552A9A309D00A392F9 /* MovieDetailViewController.swift in Sources */ = {isa = PBXBuildFile; fileRef = 5E8E31542A9A309C00A392F9 /* MovieDetailViewController.swift */; };
		5E8E31572A9A30AC00A392F9 /* MovieDetailViewModel.swift in Sources */ = {isa = PBXBuildFile; fileRef = 5E8E31562A9A30AC00A392F9 /* MovieDetailViewModel.swift */; };
		5E8E31592A9A30BB00A392F9 /* MovieDetailContracts.swift in Sources */ = {isa = PBXBuildFile; fileRef = 5E8E31582A9A30BB00A392F9 /* MovieDetailContracts.swift */; };
/* End PBXBuildFile section */

/* Begin PBXFileReference section */
		2AD8E478229EEFB6FB9F8977 /* Pods_XMovie.framework */ = {isa = PBXFileReference; explicitFileType = wrapper.framework; includeInIndex = 0; path = Pods_XMovie.framework; sourceTree = BUILT_PRODUCTS_DIR; };
		2BDF34C4C37F3E6450950922 /* Pods-XMovie.release.xcconfig */ = {isa = PBXFileReference; includeInIndex = 1; lastKnownFileType = text.xcconfig; name = "Pods-XMovie.release.xcconfig"; path = "Target Support Files/Pods-XMovie/Pods-XMovie.release.xcconfig"; sourceTree = "<group>"; };
		5E0D40EA2AA1FFB2000A4ADD /* MovieRepository.swift */ = {isa = PBXFileReference; lastKnownFileType = sourcecode.swift; path = MovieRepository.swift; sourceTree = "<group>"; };
		5E0D40ED2AA1FFEB000A4ADD /* MovieService.swift */ = {isa = PBXFileReference; lastKnownFileType = sourcecode.swift; path = MovieService.swift; sourceTree = "<group>"; };
		5E0D40F02AA20040000A4ADD /* APIErrorMessageProvider.swift */ = {isa = PBXFileReference; lastKnownFileType = sourcecode.swift; path = APIErrorMessageProvider.swift; sourceTree = "<group>"; };
		5E0D40F22AA20060000A4ADD /* ConnectivityMiddleware.swift */ = {isa = PBXFileReference; lastKnownFileType = sourcecode.swift; path = ConnectivityMiddleware.swift; sourceTree = "<group>"; };
		5E0D40F62AA209C6000A4ADD /* NetworkManager.swift */ = {isa = PBXFileReference; lastKnownFileType = sourcecode.swift; path = NetworkManager.swift; sourceTree = "<group>"; };
		5E0D40FA2AA3DD15000A4ADD /* BaseViewModel.swift */ = {isa = PBXFileReference; lastKnownFileType = sourcecode.swift; path = BaseViewModel.swift; sourceTree = "<group>"; };
		5E0D41012AA47875000A4ADD /* UIHelper.swift */ = {isa = PBXFileReference; lastKnownFileType = sourcecode.swift; path = UIHelper.swift; sourceTree = "<group>"; };
		5E0D410B2AA48E8D000A4ADD /* PresentableError.swift */ = {isa = PBXFileReference; lastKnownFileType = sourcecode.swift; path = PresentableError.swift; sourceTree = "<group>"; };
		5E89D2862A9CDF04003393C3 /* UserViewController.swift */ = {isa = PBXFileReference; lastKnownFileType = sourcecode.swift; path = UserViewController.swift; sourceTree = "<group>"; };
		5E89D2882A9CDF76003393C3 /* TabBarPage.swift */ = {isa = PBXFileReference; lastKnownFileType = sourcecode.swift; path = TabBarPage.swift; sourceTree = "<group>"; };
		5E89D28A2A9E25DD003393C3 /* BaseViewController.swift */ = {isa = PBXFileReference; lastKnownFileType = sourcecode.swift; path = BaseViewController.swift; sourceTree = "<group>"; };
		5E89D28D2AA0A75D003393C3 /* Coordinator.swift */ = {isa = PBXFileReference; lastKnownFileType = sourcecode.swift; path = Coordinator.swift; sourceTree = "<group>"; };
		5E89D28F2AA0A77D003393C3 /* AppCoordinator.swift */ = {isa = PBXFileReference; lastKnownFileType = sourcecode.swift; path = AppCoordinator.swift; sourceTree = "<group>"; };
		5E89D2912AA0A79D003393C3 /* HomeCoordinator.swift */ = {isa = PBXFileReference; lastKnownFileType = sourcecode.swift; path = HomeCoordinator.swift; sourceTree = "<group>"; };
		5E89D2942AA0AFB9003393C3 /* LoginViewController.swift */ = {isa = PBXFileReference; lastKnownFileType = sourcecode.swift; path = LoginViewController.swift; sourceTree = "<group>"; };
		5E89D2962AA0B107003393C3 /* LoginCoordinator.swift */ = {isa = PBXFileReference; lastKnownFileType = sourcecode.swift; path = LoginCoordinator.swift; sourceTree = "<group>"; };
		5E89D2982AA0B168003393C3 /* TabCoordinator.swift */ = {isa = PBXFileReference; lastKnownFileType = sourcecode.swift; path = TabCoordinator.swift; sourceTree = "<group>"; };
		5E89D29B2AA13178003393C3 /* UserCoordinator.swift */ = {isa = PBXFileReference; lastKnownFileType = sourcecode.swift; path = UserCoordinator.swift; sourceTree = "<group>"; };
		5E8E31122A99E07B00A392F9 /* XMovie.app */ = {isa = PBXFileReference; explicitFileType = wrapper.application; includeInIndex = 0; path = XMovie.app; sourceTree = BUILT_PRODUCTS_DIR; };
		5E8E31152A99E07B00A392F9 /* AppDelegate.swift */ = {isa = PBXFileReference; lastKnownFileType = sourcecode.swift; path = AppDelegate.swift; sourceTree = "<group>"; };
		5E8E311E2A99E07C00A392F9 /* Assets.xcassets */ = {isa = PBXFileReference; lastKnownFileType = folder.assetcatalog; path = Assets.xcassets; sourceTree = "<group>"; };
		5E8E31212A99E07C00A392F9 /* Base */ = {isa = PBXFileReference; lastKnownFileType = file.storyboard; name = Base; path = Base.lproj/LaunchScreen.storyboard; sourceTree = "<group>"; };
		5E8E31232A99E07C00A392F9 /* Info.plist */ = {isa = PBXFileReference; lastKnownFileType = text.plist.xml; path = Info.plist; sourceTree = "<group>"; };
		5E8E31292A99E11300A392F9 /* README.md */ = {isa = PBXFileReference; lastKnownFileType = net.daringfireball.markdown; path = README.md; sourceTree = "<group>"; };
		5E8E312A2A99E61900A392F9 /* HomeViewController.swift */ = {isa = PBXFileReference; lastKnownFileType = sourcecode.swift; path = HomeViewController.swift; sourceTree = "<group>"; };
		5E8E313C2A99F0AC00A392F9 /* NetworkError.swift */ = {isa = PBXFileReference; lastKnownFileType = sourcecode.swift; path = NetworkError.swift; sourceTree = "<group>"; };
		5E8E313E2A99F0C800A392F9 /* Constants.swift */ = {isa = PBXFileReference; lastKnownFileType = sourcecode.swift; path = Constants.swift; sourceTree = "<group>"; };
		5E8E31442A99F1EB00A392F9 /* HomeViewModel.swift */ = {isa = PBXFileReference; lastKnownFileType = sourcecode.swift; path = HomeViewModel.swift; sourceTree = "<group>"; };
		5E8E31462A99FA6700A392F9 /* HomeContracts.swift */ = {isa = PBXFileReference; lastKnownFileType = sourcecode.swift; path = HomeContracts.swift; sourceTree = "<group>"; };
		5E8E31492A99FB1100A392F9 /* Movies.swift */ = {isa = PBXFileReference; lastKnownFileType = sourcecode.swift; path = Movies.swift; sourceTree = "<group>"; };
		5E8E314B2A99FB1C00A392F9 /* Movie.swift */ = {isa = PBXFileReference; lastKnownFileType = sourcecode.swift; path = Movie.swift; sourceTree = "<group>"; };
		5E8E31502A99FDC700A392F9 /* MovieCollectionViewCell.swift */ = {isa = PBXFileReference; lastKnownFileType = sourcecode.swift; path = MovieCollectionViewCell.swift; sourceTree = "<group>"; };
		5E8E31522A99FE0700A392F9 /* MovieTableViewCell.swift */ = {isa = PBXFileReference; lastKnownFileType = sourcecode.swift; path = MovieTableViewCell.swift; sourceTree = "<group>"; };
		5E8E31542A9A309C00A392F9 /* MovieDetailViewController.swift */ = {isa = PBXFileReference; lastKnownFileType = sourcecode.swift; path = MovieDetailViewController.swift; sourceTree = "<group>"; };
		5E8E31562A9A30AC00A392F9 /* MovieDetailViewModel.swift */ = {isa = PBXFileReference; lastKnownFileType = sourcecode.swift; path = MovieDetailViewModel.swift; sourceTree = "<group>"; };
		5E8E31582A9A30BB00A392F9 /* MovieDetailContracts.swift */ = {isa = PBXFileReference; lastKnownFileType = sourcecode.swift; path = MovieDetailContracts.swift; sourceTree = "<group>"; };
		E1C080D5FD7658CCB104A152 /* Pods-XMovie.debug.xcconfig */ = {isa = PBXFileReference; includeInIndex = 1; lastKnownFileType = text.xcconfig; name = "Pods-XMovie.debug.xcconfig"; path = "Target Support Files/Pods-XMovie/Pods-XMovie.debug.xcconfig"; sourceTree = "<group>"; };
/* End PBXFileReference section */

/* Begin PBXFrameworksBuildPhase section */
		5E8E310F2A99E07B00A392F9 /* Frameworks */ = {
			isa = PBXFrameworksBuildPhase;
			buildActionMask = 2147483647;
			files = (
				040A2A597A70F4A20C3323F4 /* Pods_XMovie.framework in Frameworks */,
			);
			runOnlyForDeploymentPostprocessing = 0;
		};
/* End PBXFrameworksBuildPhase section */

/* Begin PBXGroup section */
		5E0D40EC2AA1FFD7000A4ADD /* Service */ = {
			isa = PBXGroup;
			children = (
				5E0D40ED2AA1FFEB000A4ADD /* MovieService.swift */,
			);
			path = Service;
			sourceTree = "<group>";
		};
		5E0D40EF2AA20031000A4ADD /* Configure */ = {
			isa = PBXGroup;
			children = (
				5E0D40F02AA20040000A4ADD /* APIErrorMessageProvider.swift */,
				5E0D40F22AA20060000A4ADD /* ConnectivityMiddleware.swift */,
			);
			path = Configure;
			sourceTree = "<group>";
		};
		5E0D40F82AA3C902000A4ADD /* Base */ = {
			isa = PBXGroup;
			children = (
				5E89D28A2A9E25DD003393C3 /* BaseViewController.swift */,
				5E0D40FA2AA3DD15000A4ADD /* BaseViewModel.swift */,
			);
			path = Base;
			sourceTree = "<group>";
		};
		5E0D41002AA47862000A4ADD /* Utilities */ = {
			isa = PBXGroup;
			children = (
				5E0D41012AA47875000A4ADD /* UIHelper.swift */,
				5E0D410B2AA48E8D000A4ADD /* PresentableError.swift */,
			);
			path = Utilities;
			sourceTree = "<group>";
		};
		5E89D28C2AA0A750003393C3 /* Coordinator */ = {
			isa = PBXGroup;
			children = (
				5E89D28D2AA0A75D003393C3 /* Coordinator.swift */,
				5E89D28F2AA0A77D003393C3 /* AppCoordinator.swift */,
			);
			path = Coordinator;
			sourceTree = "<group>";
		};
		5E89D2932AA0AFAD003393C3 /* Login */ = {
			isa = PBXGroup;
			children = (
				5E89D2962AA0B107003393C3 /* LoginCoordinator.swift */,
				5E89D2942AA0AFB9003393C3 /* LoginViewController.swift */,
			);
			path = Login;
			sourceTree = "<group>";
		};
		5E89D29A2AA13165003393C3 /* User */ = {
			isa = PBXGroup;
			children = (
				5E89D29B2AA13178003393C3 /* UserCoordinator.swift */,
				5E89D2862A9CDF04003393C3 /* UserViewController.swift */,
			);
			path = User;
			sourceTree = "<group>";
		};
		5E89D29E2AA1D51E003393C3 /* TabBar */ = {
			isa = PBXGroup;
			children = (
				5E89D2882A9CDF76003393C3 /* TabBarPage.swift */,
				5E89D2982AA0B168003393C3 /* TabCoordinator.swift */,
			);
			path = TabBar;
			sourceTree = "<group>";
		};
		5E89D29F2AA1F63D003393C3 /* WithMoya */ = {
			isa = PBXGroup;
			children = (
				5E0D40EF2AA20031000A4ADD /* Configure */,
				5E0D40EC2AA1FFD7000A4ADD /* Service */,
				5E0D40EA2AA1FFB2000A4ADD /* MovieRepository.swift */,
				5E0D40F62AA209C6000A4ADD /* NetworkManager.swift */,
			);
			path = WithMoya;
			sourceTree = "<group>";
		};
		5E89D2A02AA1F659003393C3 /* Without3thParty */ = {
			isa = PBXGroup;
			children = (
				5E8E31392A99F05B00A392F9 /* Enums */,
			);
			path = Without3thParty;
			sourceTree = "<group>";
		};
		5E8E31092A99E07B00A392F9 = {
			isa = PBXGroup;
			children = (
				5E8E31292A99E11300A392F9 /* README.md */,
				5E8E31142A99E07B00A392F9 /* XMovie */,
				5E8E31132A99E07B00A392F9 /* Products */,
				B2F9A7E6B66A22C7554A3584 /* Pods */,
				787A702B0F0B6DFDA3E4D976 /* Frameworks */,
			);
			sourceTree = "<group>";
		};
		5E8E31132A99E07B00A392F9 /* Products */ = {
			isa = PBXGroup;
			children = (
				5E8E31122A99E07B00A392F9 /* XMovie.app */,
			);
			name = Products;
			sourceTree = "<group>";
		};
		5E8E31142A99E07B00A392F9 /* XMovie */ = {
			isa = PBXGroup;
			children = (
				5E89D28C2AA0A750003393C3 /* Coordinator */,
				5E8E31482A99FAFC00A392F9 /* Models */,
				5E8E31402A99F18F00A392F9 /* Scenes */,
				5E8E31362A99F01D00A392F9 /* Network */,
				5E8E312F2A99EF5900A392F9 /* App */,
				5E8E31232A99E07C00A392F9 /* Info.plist */,
			);
			path = XMovie;
			sourceTree = "<group>";
		};
		5E8E312F2A99EF5900A392F9 /* App */ = {
			isa = PBXGroup;
			children = (
				5E0D41002AA47862000A4ADD /* Utilities */,
				5E8E31152A99E07B00A392F9 /* AppDelegate.swift */,
				5E8E311E2A99E07C00A392F9 /* Assets.xcassets */,
			);
			path = App;
			sourceTree = "<group>";
		};
		5E8E31362A99F01D00A392F9 /* Network */ = {
			isa = PBXGroup;
			children = (
				5E89D2A02AA1F659003393C3 /* Without3thParty */,
				5E89D29F2AA1F63D003393C3 /* WithMoya */,
			);
			path = Network;
			sourceTree = "<group>";
		};
		5E8E31392A99F05B00A392F9 /* Enums */ = {
			isa = PBXGroup;
			children = (
				5E8E313C2A99F0AC00A392F9 /* NetworkError.swift */,
				5E8E313E2A99F0C800A392F9 /* Constants.swift */,
			);
			path = Enums;
			sourceTree = "<group>";
		};
		5E8E31402A99F18F00A392F9 /* Scenes */ = {
			isa = PBXGroup;
			children = (
				5E0D40F82AA3C902000A4ADD /* Base */,
				5E89D29E2AA1D51E003393C3 /* TabBar */,
				5E89D29A2AA13165003393C3 /* User */,
				5E89D2932AA0AFAD003393C3 /* Login */,
				5E8E31432A99F1CC00A392F9 /* Launch */,
				5E8E31422A99F1B200A392F9 /* MovieDetail */,
				5E8E31412A99F1A900A392F9 /* Home */,
			);
			path = Scenes;
			sourceTree = "<group>";
		};
		5E8E31412A99F1A900A392F9 /* Home */ = {
			isa = PBXGroup;
			children = (
				5E8E314D2A99FD8000A392F9 /* Cells */,
				5E8E312A2A99E61900A392F9 /* HomeViewController.swift */,
				5E89D2912AA0A79D003393C3 /* HomeCoordinator.swift */,
				5E8E31442A99F1EB00A392F9 /* HomeViewModel.swift */,
				5E8E31462A99FA6700A392F9 /* HomeContracts.swift */,
			);
			path = Home;
			sourceTree = "<group>";
		};
		5E8E31422A99F1B200A392F9 /* MovieDetail */ = {
			isa = PBXGroup;
			children = (
				5E8E31542A9A309C00A392F9 /* MovieDetailViewController.swift */,
				5E8E31582A9A30BB00A392F9 /* MovieDetailContracts.swift */,
				5E8E31562A9A30AC00A392F9 /* MovieDetailViewModel.swift */,
			);
			path = MovieDetail;
			sourceTree = "<group>";
		};
		5E8E31432A99F1CC00A392F9 /* Launch */ = {
			isa = PBXGroup;
			children = (
				5E8E31202A99E07C00A392F9 /* LaunchScreen.storyboard */,
			);
			path = Launch;
			sourceTree = "<group>";
		};
		5E8E31482A99FAFC00A392F9 /* Models */ = {
			isa = PBXGroup;
			children = (
				5E8E31492A99FB1100A392F9 /* Movies.swift */,
				5E8E314B2A99FB1C00A392F9 /* Movie.swift */,
			);
			path = Models;
			sourceTree = "<group>";
		};
		5E8E314D2A99FD8000A392F9 /* Cells */ = {
			isa = PBXGroup;
			children = (
				5E8E31502A99FDC700A392F9 /* MovieCollectionViewCell.swift */,
				5E8E31522A99FE0700A392F9 /* MovieTableViewCell.swift */,
			);
			path = Cells;
			sourceTree = "<group>";
		};
		787A702B0F0B6DFDA3E4D976 /* Frameworks */ = {
			isa = PBXGroup;
			children = (
				2AD8E478229EEFB6FB9F8977 /* Pods_XMovie.framework */,
			);
			name = Frameworks;
			sourceTree = "<group>";
		};
		B2F9A7E6B66A22C7554A3584 /* Pods */ = {
			isa = PBXGroup;
			children = (
				E1C080D5FD7658CCB104A152 /* Pods-XMovie.debug.xcconfig */,
				2BDF34C4C37F3E6450950922 /* Pods-XMovie.release.xcconfig */,
			);
			path = Pods;
			sourceTree = "<group>";
		};
/* End PBXGroup section */

/* Begin PBXNativeTarget section */
		5E8E31112A99E07B00A392F9 /* XMovie */ = {
			isa = PBXNativeTarget;
			buildConfigurationList = 5E8E31262A99E07C00A392F9 /* Build configuration list for PBXNativeTarget "XMovie" */;
			buildPhases = (
				CDFD357022748543B7285ED2 /* [CP] Check Pods Manifest.lock */,
				5E8E310E2A99E07B00A392F9 /* Sources */,
				5E8E310F2A99E07B00A392F9 /* Frameworks */,
				5E8E31102A99E07B00A392F9 /* Resources */,
				FC10DC36D11AE83380B73469 /* [CP] Embed Pods Frameworks */,
			);
			buildRules = (
			);
			dependencies = (
			);
			name = XMovie;
			packageProductDependencies = (
			);
			productName = XMovie;
			productReference = 5E8E31122A99E07B00A392F9 /* XMovie.app */;
			productType = "com.apple.product-type.application";
		};
/* End PBXNativeTarget section */

/* Begin PBXProject section */
		5E8E310A2A99E07B00A392F9 /* Project object */ = {
			isa = PBXProject;
			attributes = {
				BuildIndependentTargetsInParallel = 1;
				LastSwiftUpdateCheck = 1420;
				LastUpgradeCheck = 1420;
				TargetAttributes = {
					5E8E31112A99E07B00A392F9 = {
						CreatedOnToolsVersion = 14.2;
					};
				};
			};
			buildConfigurationList = 5E8E310D2A99E07B00A392F9 /* Build configuration list for PBXProject "XMovie" */;
			compatibilityVersion = "Xcode 14.0";
			developmentRegion = en;
			hasScannedForEncodings = 0;
			knownRegions = (
				en,
				Base,
			);
			mainGroup = 5E8E31092A99E07B00A392F9;
			packageReferences = (
			);
			productRefGroup = 5E8E31132A99E07B00A392F9 /* Products */;
			projectDirPath = "";
			projectRoot = "";
			targets = (
				5E8E31112A99E07B00A392F9 /* XMovie */,
			);
		};
/* End PBXProject section */

/* Begin PBXResourcesBuildPhase section */
		5E8E31102A99E07B00A392F9 /* Resources */ = {
			isa = PBXResourcesBuildPhase;
			buildActionMask = 2147483647;
			files = (
				5E8E31222A99E07C00A392F9 /* LaunchScreen.storyboard in Resources */,
				5E8E311F2A99E07C00A392F9 /* Assets.xcassets in Resources */,
			);
			runOnlyForDeploymentPostprocessing = 0;
		};
/* End PBXResourcesBuildPhase section */

/* Begin PBXShellScriptBuildPhase section */
		CDFD357022748543B7285ED2 /* [CP] Check Pods Manifest.lock */ = {
			isa = PBXShellScriptBuildPhase;
			buildActionMask = 2147483647;
			files = (
			);
			inputFileListPaths = (
			);
			inputPaths = (
				"${PODS_PODFILE_DIR_PATH}/Podfile.lock",
				"${PODS_ROOT}/Manifest.lock",
			);
			name = "[CP] Check Pods Manifest.lock";
			outputFileListPaths = (
			);
			outputPaths = (
				"$(DERIVED_FILE_DIR)/Pods-XMovie-checkManifestLockResult.txt",
			);
			runOnlyForDeploymentPostprocessing = 0;
			shellPath = /bin/sh;
			shellScript = "diff \"${PODS_PODFILE_DIR_PATH}/Podfile.lock\" \"${PODS_ROOT}/Manifest.lock\" > /dev/null\nif [ $? != 0 ] ; then\n    # print error to STDERR\n    echo \"error: The sandbox is not in sync with the Podfile.lock. Run 'pod install' or update your CocoaPods installation.\" >&2\n    exit 1\nfi\n# This output is used by Xcode 'outputs' to avoid re-running this script phase.\necho \"SUCCESS\" > \"${SCRIPT_OUTPUT_FILE_0}\"\n";
			showEnvVarsInLog = 0;
		};
		FC10DC36D11AE83380B73469 /* [CP] Embed Pods Frameworks */ = {
			isa = PBXShellScriptBuildPhase;
			buildActionMask = 2147483647;
			files = (
			);
			inputFileListPaths = (
				"${PODS_ROOT}/Target Support Files/Pods-XMovie/Pods-XMovie-frameworks-${CONFIGURATION}-input-files.xcfilelist",
			);
			name = "[CP] Embed Pods Frameworks";
			outputFileListPaths = (
				"${PODS_ROOT}/Target Support Files/Pods-XMovie/Pods-XMovie-frameworks-${CONFIGURATION}-output-files.xcfilelist",
			);
			runOnlyForDeploymentPostprocessing = 0;
			shellPath = /bin/sh;
			shellScript = "\"${PODS_ROOT}/Target Support Files/Pods-XMovie/Pods-XMovie-frameworks.sh\"\n";
			showEnvVarsInLog = 0;
		};
/* End PBXShellScriptBuildPhase section */

/* Begin PBXSourcesBuildPhase section */
		5E8E310E2A99E07B00A392F9 /* Sources */ = {
			isa = PBXSourcesBuildPhase;
			buildActionMask = 2147483647;
			files = (
				5E89D2992AA0B168003393C3 /* TabCoordinator.swift in Sources */,
				5E8E313D2A99F0AC00A392F9 /* NetworkError.swift in Sources */,
				5E89D2892A9CDF76003393C3 /* TabBarPage.swift in Sources */,
				5E0D40F32AA20060000A4ADD /* ConnectivityMiddleware.swift in Sources */,
				5E8E314A2A99FB1100A392F9 /* Movies.swift in Sources */,
				5E89D2972AA0B107003393C3 /* LoginCoordinator.swift in Sources */,
				5E0D410C2AA48E8D000A4ADD /* PresentableError.swift in Sources */,
				5E0D40EE2AA1FFEB000A4ADD /* MovieService.swift in Sources */,
				5E8E31162A99E07B00A392F9 /* AppDelegate.swift in Sources */,
				5E89D2922AA0A79E003393C3 /* HomeCoordinator.swift in Sources */,
				5E89D28B2A9E25DD003393C3 /* BaseViewController.swift in Sources */,
				5E89D2902AA0A77D003393C3 /* AppCoordinator.swift in Sources */,
				5E89D28E2AA0A75D003393C3 /* Coordinator.swift in Sources */,
				5E8E31452A99F1EB00A392F9 /* HomeViewModel.swift in Sources */,
				5E8E31532A99FE0700A392F9 /* MovieTableViewCell.swift in Sources */,
				5E8E31472A99FA6700A392F9 /* HomeContracts.swift in Sources */,
				5E89D2952AA0AFB9003393C3 /* LoginViewController.swift in Sources */,
				5E8E312B2A99E61900A392F9 /* HomeViewController.swift in Sources */,
				5E8E31592A9A30BB00A392F9 /* MovieDetailContracts.swift in Sources */,
				5E8E314C2A99FB1C00A392F9 /* Movie.swift in Sources */,
				5E0D40F72AA209C6000A4ADD /* NetworkManager.swift in Sources */,
				5E8E31552A9A309D00A392F9 /* MovieDetailViewController.swift in Sources */,
				5E0D40EB2AA1FFB2000A4ADD /* MovieRepository.swift in Sources */,
				5E0D40F12AA20040000A4ADD /* APIErrorMessageProvider.swift in Sources */,
				5E0D41022AA47875000A4ADD /* UIHelper.swift in Sources */,
				5E0D40FB2AA3DD15000A4ADD /* BaseViewModel.swift in Sources */,
				5E8E31512A99FDC700A392F9 /* MovieCollectionViewCell.swift in Sources */,
				5E89D29C2AA13178003393C3 /* UserCoordinator.swift in Sources */,
				5E8E31572A9A30AC00A392F9 /* MovieDetailViewModel.swift in Sources */,
				5E8E313F2A99F0C800A392F9 /* Constants.swift in Sources */,
				5E89D2872A9CDF04003393C3 /* UserViewController.swift in Sources */,
			);
			runOnlyForDeploymentPostprocessing = 0;
		};
/* End PBXSourcesBuildPhase section */

/* Begin PBXVariantGroup section */
		5E8E31202A99E07C00A392F9 /* LaunchScreen.storyboard */ = {
			isa = PBXVariantGroup;
			children = (
				5E8E31212A99E07C00A392F9 /* Base */,
			);
			name = LaunchScreen.storyboard;
			sourceTree = "<group>";
		};
/* End PBXVariantGroup section */

/* Begin XCBuildConfiguration section */
		5E8E31242A99E07C00A392F9 /* Debug */ = {
			isa = XCBuildConfiguration;
			buildSettings = {
				ALWAYS_SEARCH_USER_PATHS = NO;
				CLANG_ANALYZER_NONNULL = YES;
				CLANG_ANALYZER_NUMBER_OBJECT_CONVERSION = YES_AGGRESSIVE;
				CLANG_CXX_LANGUAGE_STANDARD = "gnu++20";
				CLANG_ENABLE_MODULES = YES;
				CLANG_ENABLE_OBJC_ARC = YES;
				CLANG_ENABLE_OBJC_WEAK = YES;
				CLANG_WARN_BLOCK_CAPTURE_AUTORELEASING = YES;
				CLANG_WARN_BOOL_CONVERSION = YES;
				CLANG_WARN_COMMA = YES;
				CLANG_WARN_CONSTANT_CONVERSION = YES;
				CLANG_WARN_DEPRECATED_OBJC_IMPLEMENTATIONS = YES;
				CLANG_WARN_DIRECT_OBJC_ISA_USAGE = YES_ERROR;
				CLANG_WARN_DOCUMENTATION_COMMENTS = YES;
				CLANG_WARN_EMPTY_BODY = YES;
				CLANG_WARN_ENUM_CONVERSION = YES;
				CLANG_WARN_INFINITE_RECURSION = YES;
				CLANG_WARN_INT_CONVERSION = YES;
				CLANG_WARN_NON_LITERAL_NULL_CONVERSION = YES;
				CLANG_WARN_OBJC_IMPLICIT_RETAIN_SELF = YES;
				CLANG_WARN_OBJC_LITERAL_CONVERSION = YES;
				CLANG_WARN_OBJC_ROOT_CLASS = YES_ERROR;
				CLANG_WARN_QUOTED_INCLUDE_IN_FRAMEWORK_HEADER = YES;
				CLANG_WARN_RANGE_LOOP_ANALYSIS = YES;
				CLANG_WARN_STRICT_PROTOTYPES = YES;
				CLANG_WARN_SUSPICIOUS_MOVE = YES;
				CLANG_WARN_UNGUARDED_AVAILABILITY = YES_AGGRESSIVE;
				CLANG_WARN_UNREACHABLE_CODE = YES;
				CLANG_WARN__DUPLICATE_METHOD_MATCH = YES;
				COPY_PHASE_STRIP = NO;
				DEBUG_INFORMATION_FORMAT = dwarf;
				ENABLE_STRICT_OBJC_MSGSEND = YES;
				ENABLE_TESTABILITY = YES;
				GCC_C_LANGUAGE_STANDARD = gnu11;
				GCC_DYNAMIC_NO_PIC = NO;
				GCC_NO_COMMON_BLOCKS = YES;
				GCC_OPTIMIZATION_LEVEL = 0;
				GCC_PREPROCESSOR_DEFINITIONS = (
					"DEBUG=1",
					"$(inherited)",
				);
				GCC_WARN_64_TO_32_BIT_CONVERSION = YES;
				GCC_WARN_ABOUT_RETURN_TYPE = YES_ERROR;
				GCC_WARN_UNDECLARED_SELECTOR = YES;
				GCC_WARN_UNINITIALIZED_AUTOS = YES_AGGRESSIVE;
				GCC_WARN_UNUSED_FUNCTION = YES;
				GCC_WARN_UNUSED_VARIABLE = YES;
				IPHONEOS_DEPLOYMENT_TARGET = 16.2;
				MTL_ENABLE_DEBUG_INFO = INCLUDE_SOURCE;
				MTL_FAST_MATH = YES;
				ONLY_ACTIVE_ARCH = YES;
				SDKROOT = iphoneos;
				SWIFT_ACTIVE_COMPILATION_CONDITIONS = DEBUG;
				SWIFT_OPTIMIZATION_LEVEL = "-Onone";
			};
			name = Debug;
		};
		5E8E31252A99E07C00A392F9 /* Release */ = {
			isa = XCBuildConfiguration;
			buildSettings = {
				ALWAYS_SEARCH_USER_PATHS = NO;
				CLANG_ANALYZER_NONNULL = YES;
				CLANG_ANALYZER_NUMBER_OBJECT_CONVERSION = YES_AGGRESSIVE;
				CLANG_CXX_LANGUAGE_STANDARD = "gnu++20";
				CLANG_ENABLE_MODULES = YES;
				CLANG_ENABLE_OBJC_ARC = YES;
				CLANG_ENABLE_OBJC_WEAK = YES;
				CLANG_WARN_BLOCK_CAPTURE_AUTORELEASING = YES;
				CLANG_WARN_BOOL_CONVERSION = YES;
				CLANG_WARN_COMMA = YES;
				CLANG_WARN_CONSTANT_CONVERSION = YES;
				CLANG_WARN_DEPRECATED_OBJC_IMPLEMENTATIONS = YES;
				CLANG_WARN_DIRECT_OBJC_ISA_USAGE = YES_ERROR;
				CLANG_WARN_DOCUMENTATION_COMMENTS = YES;
				CLANG_WARN_EMPTY_BODY = YES;
				CLANG_WARN_ENUM_CONVERSION = YES;
				CLANG_WARN_INFINITE_RECURSION = YES;
				CLANG_WARN_INT_CONVERSION = YES;
				CLANG_WARN_NON_LITERAL_NULL_CONVERSION = YES;
				CLANG_WARN_OBJC_IMPLICIT_RETAIN_SELF = YES;
				CLANG_WARN_OBJC_LITERAL_CONVERSION = YES;
				CLANG_WARN_OBJC_ROOT_CLASS = YES_ERROR;
				CLANG_WARN_QUOTED_INCLUDE_IN_FRAMEWORK_HEADER = YES;
				CLANG_WARN_RANGE_LOOP_ANALYSIS = YES;
				CLANG_WARN_STRICT_PROTOTYPES = YES;
				CLANG_WARN_SUSPICIOUS_MOVE = YES;
				CLANG_WARN_UNGUARDED_AVAILABILITY = YES_AGGRESSIVE;
				CLANG_WARN_UNREACHABLE_CODE = YES;
				CLANG_WARN__DUPLICATE_METHOD_MATCH = YES;
				COPY_PHASE_STRIP = NO;
				DEBUG_INFORMATION_FORMAT = "dwarf-with-dsym";
				ENABLE_NS_ASSERTIONS = NO;
				ENABLE_STRICT_OBJC_MSGSEND = YES;
				GCC_C_LANGUAGE_STANDARD = gnu11;
				GCC_NO_COMMON_BLOCKS = YES;
				GCC_WARN_64_TO_32_BIT_CONVERSION = YES;
				GCC_WARN_ABOUT_RETURN_TYPE = YES_ERROR;
				GCC_WARN_UNDECLARED_SELECTOR = YES;
				GCC_WARN_UNINITIALIZED_AUTOS = YES_AGGRESSIVE;
				GCC_WARN_UNUSED_FUNCTION = YES;
				GCC_WARN_UNUSED_VARIABLE = YES;
				IPHONEOS_DEPLOYMENT_TARGET = 16.2;
				MTL_ENABLE_DEBUG_INFO = NO;
				MTL_FAST_MATH = YES;
				SDKROOT = iphoneos;
				SWIFT_COMPILATION_MODE = wholemodule;
				SWIFT_OPTIMIZATION_LEVEL = "-O";
				VALIDATE_PRODUCT = YES;
			};
			name = Release;
		};
		5E8E31272A99E07C00A392F9 /* Debug */ = {
			isa = XCBuildConfiguration;
			baseConfigurationReference = E1C080D5FD7658CCB104A152 /* Pods-XMovie.debug.xcconfig */;
			buildSettings = {
				ASSETCATALOG_COMPILER_APPICON_NAME = AppIcon;
				ASSETCATALOG_COMPILER_GLOBAL_ACCENT_COLOR_NAME = AccentColor;
				CODE_SIGN_STYLE = Automatic;
				CURRENT_PROJECT_VERSION = 1;
				DEVELOPMENT_TEAM = S9W8QN4B4C;
				GENERATE_INFOPLIST_FILE = YES;
				INFOPLIST_FILE = XMovie/Info.plist;
				INFOPLIST_KEY_UIApplicationSupportsIndirectInputEvents = YES;
				INFOPLIST_KEY_UILaunchStoryboardName = LaunchScreen;
				INFOPLIST_KEY_UIMainStoryboardFile = "";
				INFOPLIST_KEY_UISupportedInterfaceOrientations_iPad = "UIInterfaceOrientationPortrait UIInterfaceOrientationPortraitUpsideDown UIInterfaceOrientationLandscapeLeft UIInterfaceOrientationLandscapeRight";
				INFOPLIST_KEY_UISupportedInterfaceOrientations_iPhone = "UIInterfaceOrientationPortrait UIInterfaceOrientationLandscapeLeft UIInterfaceOrientationLandscapeRight";
				IPHONEOS_DEPLOYMENT_TARGET = 13.0;
				LD_RUNPATH_SEARCH_PATHS = (
					"$(inherited)",
					"@executable_path/Frameworks",
				);
				MARKETING_VERSION = 1.0;
				PRODUCT_BUNDLE_IDENTIFIER = com.hamitseyrek.XMovie;
				PRODUCT_NAME = "$(TARGET_NAME)";
				SWIFT_EMIT_LOC_STRINGS = YES;
				SWIFT_VERSION = 5.0;
				TARGETED_DEVICE_FAMILY = "1,2";
			};
			name = Debug;
		};
		5E8E31282A99E07C00A392F9 /* Release */ = {
			isa = XCBuildConfiguration;
			baseConfigurationReference = 2BDF34C4C37F3E6450950922 /* Pods-XMovie.release.xcconfig */;
			buildSettings = {
				ASSETCATALOG_COMPILER_APPICON_NAME = AppIcon;
				ASSETCATALOG_COMPILER_GLOBAL_ACCENT_COLOR_NAME = AccentColor;
				CODE_SIGN_STYLE = Automatic;
				CURRENT_PROJECT_VERSION = 1;
				DEVELOPMENT_TEAM = S9W8QN4B4C;
				GENERATE_INFOPLIST_FILE = YES;
				INFOPLIST_FILE = XMovie/Info.plist;
				INFOPLIST_KEY_UIApplicationSupportsIndirectInputEvents = YES;
				INFOPLIST_KEY_UILaunchStoryboardName = LaunchScreen;
				INFOPLIST_KEY_UIMainStoryboardFile = "";
				INFOPLIST_KEY_UISupportedInterfaceOrientations_iPad = "UIInterfaceOrientationPortrait UIInterfaceOrientationPortraitUpsideDown UIInterfaceOrientationLandscapeLeft UIInterfaceOrientationLandscapeRight";
				INFOPLIST_KEY_UISupportedInterfaceOrientations_iPhone = "UIInterfaceOrientationPortrait UIInterfaceOrientationLandscapeLeft UIInterfaceOrientationLandscapeRight";
				IPHONEOS_DEPLOYMENT_TARGET = 13.0;
				LD_RUNPATH_SEARCH_PATHS = (
					"$(inherited)",
					"@executable_path/Frameworks",
				);
				MARKETING_VERSION = 1.0;
				PRODUCT_BUNDLE_IDENTIFIER = com.hamitseyrek.XMovie;
				PRODUCT_NAME = "$(TARGET_NAME)";
				SWIFT_EMIT_LOC_STRINGS = YES;
				SWIFT_VERSION = 5.0;
				TARGETED_DEVICE_FAMILY = "1,2";
			};
			name = Release;
		};
/* End XCBuildConfiguration section */

/* Begin XCConfigurationList section */
		5E8E310D2A99E07B00A392F9 /* Build configuration list for PBXProject "XMovie" */ = {
			isa = XCConfigurationList;
			buildConfigurations = (
				5E8E31242A99E07C00A392F9 /* Debug */,
				5E8E31252A99E07C00A392F9 /* Release */,
			);
			defaultConfigurationIsVisible = 0;
			defaultConfigurationName = Release;
		};
		5E8E31262A99E07C00A392F9 /* Build configuration list for PBXNativeTarget "XMovie" */ = {
			isa = XCConfigurationList;
			buildConfigurations = (
				5E8E31272A99E07C00A392F9 /* Debug */,
				5E8E31282A99E07C00A392F9 /* Release */,
			);
			defaultConfigurationIsVisible = 0;
			defaultConfigurationName = Release;
		};
/* End XCConfigurationList section */
	};
	rootObject = 5E8E310A2A99E07B00A392F9 /* Project object */;
}
